
Microsoft Visual Studio Solution File, Format Version 12.00
# Visual Studio 15
VisualStudioVersion = 15.0.27703.2026
MinimumVisualStudioVersion = 10.0.40219.1
Project("{FAE04EC0-301F-11D3-BF4B-00C04F79EFBC}") = "Libruquis", "Libruquis\Libruquis.csproj", "{183FBEFA-13A9-491E-AA2D-613A0BA70BE6}"
EndProject
Global
	GlobalSection(SolutionConfigurationPlatforms) = preSolution
		Debug|Any CPU = Debug|Any CPU
		Release|Any CPU = Release|Any CPU
	EndGlobalSection
	GlobalSection(ProjectConfigurationPlatforms) = postSolution
		{183FBEFA-13A9-491E-AA2D-613A0BA70BE6}.Debug|Any CPU.ActiveCfg = Debug|Any CPU
		{183FBEFA-13A9-491E-AA2D-613A0BA70BE6}.Debug|Any CPU.Build.0 = Debug|Any CPU
		{183FBEFA-13A9-491E-AA2D-613A0BA70BE6}.Release|Any CPU.ActiveCfg = Release|Any CPU
		{183FBEFA-13A9-491E-AA2D-613A0BA70BE6}.Release|Any CPU.Build.0 = Release|Any CPU
	EndGlobalSection
	GlobalSection(SolutionProperties) = preSolution
		HideSolutionNode = FALSE
	EndGlobalSection
	GlobalSection(ExtensibilityGlobals) = postSolution
		SolutionGuid = {0B242E10-453A-42F1-9D7D-B10510492B5D}
	EndGlobalSection
EndGlobal
